// !$*UTF8*$!
{
	archiveVersion = 1;
	classes = {
	};
	objectVersion = 48;
	objects = {

/* Begin PBXBuildFile section */
		A8CDCF601FB4251100A40220 /* AppDelegate.swift in Sources */ = {isa = PBXBuildFile; fileRef = A8CDCF5F1FB4251100A40220 /* AppDelegate.swift */; };
		A8CDCF651FB4251100A40220 /* Main.storyboard in Resources */ = {isa = PBXBuildFile; fileRef = A8CDCF631FB4251100A40220 /* Main.storyboard */; };
		A8CDCF671FB4251100A40220 /* Assets.xcassets in Resources */ = {isa = PBXBuildFile; fileRef = A8CDCF661FB4251100A40220 /* Assets.xcassets */; };
		A8CDCF6A1FB4251100A40220 /* LaunchScreen.storyboard in Resources */ = {isa = PBXBuildFile; fileRef = A8CDCF681FB4251100A40220 /* LaunchScreen.storyboard */; };
		A8CDCF801FB4251200A40220 /* VoltaUITests.swift in Sources */ = {isa = PBXBuildFile; fileRef = A8CDCF7F1FB4251200A40220 /* VoltaUITests.swift */; };
		A8CDCF8F1FB540AE00A40220 /* SignUpViewController.swift in Sources */ = {isa = PBXBuildFile; fileRef = A8CDCF8E1FB540AE00A40220 /* SignUpViewController.swift */; };
		A8CDCF901FB5420E00A40220 /* VoltaTests.swift in Sources */ = {isa = PBXBuildFile; fileRef = A8CDCF741FB4251200A40220 /* VoltaTests.swift */; };
/* End PBXBuildFile section */

/* Begin PBXContainerItemProxy section */
		A8CDCF711FB4251200A40220 /* PBXContainerItemProxy */ = {
			isa = PBXContainerItemProxy;
			containerPortal = A8CDCF541FB4251100A40220 /* Project object */;
			proxyType = 1;
			remoteGlobalIDString = A8CDCF5B1FB4251100A40220;
			remoteInfo = Volta;
		};
		A8CDCF7C1FB4251200A40220 /* PBXContainerItemProxy */ = {
			isa = PBXContainerItemProxy;
			containerPortal = A8CDCF541FB4251100A40220 /* Project object */;
			proxyType = 1;
			remoteGlobalIDString = A8CDCF5B1FB4251100A40220;
			remoteInfo = Volta;
		};
/* End PBXContainerItemProxy section */

/* Begin PBXFileReference section */
		A8CDCF5C1FB4251100A40220 /* Volta.app */ = {isa = PBXFileReference; explicitFileType = wrapper.application; includeInIndex = 0; path = Volta.app; sourceTree = BUILT_PRODUCTS_DIR; };
		A8CDCF5F1FB4251100A40220 /* AppDelegate.swift */ = {isa = PBXFileReference; lastKnownFileType = sourcecode.swift; path = AppDelegate.swift; sourceTree = "<group>"; };
		A8CDCF641FB4251100A40220 /* Base */ = {isa = PBXFileReference; lastKnownFileType = file.storyboard; name = Base; path = Base.lproj/Main.storyboard; sourceTree = "<group>"; };
		A8CDCF661FB4251100A40220 /* Assets.xcassets */ = {isa = PBXFileReference; lastKnownFileType = folder.assetcatalog; path = Assets.xcassets; sourceTree = "<group>"; };
		A8CDCF691FB4251100A40220 /* Base */ = {isa = PBXFileReference; lastKnownFileType = file.storyboard; name = Base; path = Base.lproj/LaunchScreen.storyboard; sourceTree = "<group>"; };
		A8CDCF6B1FB4251100A40220 /* Info.plist */ = {isa = PBXFileReference; lastKnownFileType = text.plist.xml; path = Info.plist; sourceTree = "<group>"; };
		A8CDCF701FB4251200A40220 /* VoltaTests.xctest */ = {isa = PBXFileReference; explicitFileType = wrapper.cfbundle; includeInIndex = 0; path = VoltaTests.xctest; sourceTree = BUILT_PRODUCTS_DIR; };
		A8CDCF741FB4251200A40220 /* VoltaTests.swift */ = {isa = PBXFileReference; lastKnownFileType = sourcecode.swift; path = VoltaTests.swift; sourceTree = "<group>"; };
		A8CDCF761FB4251200A40220 /* Info.plist */ = {isa = PBXFileReference; lastKnownFileType = text.plist.xml; path = Info.plist; sourceTree = "<group>"; };
		A8CDCF7B1FB4251200A40220 /* VoltaUITests.xctest */ = {isa = PBXFileReference; explicitFileType = wrapper.cfbundle; includeInIndex = 0; path = VoltaUITests.xctest; sourceTree = BUILT_PRODUCTS_DIR; };
		A8CDCF7F1FB4251200A40220 /* VoltaUITests.swift */ = {isa = PBXFileReference; lastKnownFileType = sourcecode.swift; path = VoltaUITests.swift; sourceTree = "<group>"; };
		A8CDCF811FB4251200A40220 /* Info.plist */ = {isa = PBXFileReference; lastKnownFileType = text.plist.xml; path = Info.plist; sourceTree = "<group>"; };
		A8CDCF8D1FB42E4100A40220 /* README.md */ = {isa = PBXFileReference; lastKnownFileType = net.daringfireball.markdown; path = README.md; sourceTree = "<group>"; };
		A8CDCF8E1FB540AE00A40220 /* SignUpViewController.swift */ = {isa = PBXFileReference; lastKnownFileType = sourcecode.swift; path = SignUpViewController.swift; sourceTree = "<group>"; };
/* End PBXFileReference section */

/* Begin PBXFrameworksBuildPhase section */
		A8CDCF591FB4251100A40220 /* Frameworks */ = {
			isa = PBXFrameworksBuildPhase;
			buildActionMask = 2147483647;
			files = (
			);
			runOnlyForDeploymentPostprocessing = 0;
		};
		A8CDCF6D1FB4251200A40220 /* Frameworks */ = {
			isa = PBXFrameworksBuildPhase;
			buildActionMask = 2147483647;
			files = (
			);
			runOnlyForDeploymentPostprocessing = 0;
		};
		A8CDCF781FB4251200A40220 /* Frameworks */ = {
			isa = PBXFrameworksBuildPhase;
			buildActionMask = 2147483647;
			files = (
			);
			runOnlyForDeploymentPostprocessing = 0;
		};
/* End PBXFrameworksBuildPhase section */

/* Begin PBXGroup section */
		A8CDCF531FB4251100A40220 = {
			isa = PBXGroup;
			children = (
				A8CDCF8D1FB42E4100A40220 /* README.md */,
				A8CDCF5E1FB4251100A40220 /* Volta */,
				A8CDCF731FB4251200A40220 /* VoltaTests */,
				A8CDCF7E1FB4251200A40220 /* VoltaUITests */,
				A8CDCF5D1FB4251100A40220 /* Products */,
			);
			sourceTree = "<group>";
		};
		A8CDCF5D1FB4251100A40220 /* Products */ = {
			isa = PBXGroup;
			children = (
				A8CDCF5C1FB4251100A40220 /* Volta.app */,
				A8CDCF701FB4251200A40220 /* VoltaTests.xctest */,
				A8CDCF7B1FB4251200A40220 /* VoltaUITests.xctest */,
			);
			name = Products;
			sourceTree = "<group>";
		};
		A8CDCF5E1FB4251100A40220 /* Volta */ = {
			isa = PBXGroup;
			children = (
				A8CDCF5F1FB4251100A40220 /* AppDelegate.swift */,
				A8CDCF681FB4251100A40220 /* LaunchScreen.storyboard */,
				A8CDCF631FB4251100A40220 /* Main.storyboard */,
				A8CDCF661FB4251100A40220 /* Assets.xcassets */,
				A8CDCF6B1FB4251100A40220 /* Info.plist */,
				A8CDCF8E1FB540AE00A40220 /* SignUpViewController.swift */,
			);
			path = Volta;
			sourceTree = "<group>";
		};
		A8CDCF731FB4251200A40220 /* VoltaTests */ = {
			isa = PBXGroup;
			children = (
				A8CDCF741FB4251200A40220 /* VoltaTests.swift */,
				A8CDCF761FB4251200A40220 /* Info.plist */,
			);
			path = VoltaTests;
			sourceTree = "<group>";
		};
		A8CDCF7E1FB4251200A40220 /* VoltaUITests */ = {
			isa = PBXGroup;
			children = (
				A8CDCF7F1FB4251200A40220 /* VoltaUITests.swift */,
				A8CDCF811FB4251200A40220 /* Info.plist */,
			);
			path = VoltaUITests;
			sourceTree = "<group>";
		};
/* End PBXGroup section */

/* Begin PBXNativeTarget section */
		A8CDCF5B1FB4251100A40220 /* Volta */ = {
			isa = PBXNativeTarget;
			buildConfigurationList = A8CDCF841FB4251200A40220 /* Build configuration list for PBXNativeTarget "Volta" */;
			buildPhases = (
				A8CDCF581FB4251100A40220 /* Sources */,
				A8CDCF591FB4251100A40220 /* Frameworks */,
				A8CDCF5A1FB4251100A40220 /* Resources */,
			);
			buildRules = (
			);
			dependencies = (
			);
			name = Volta;
			productName = Volta;
			productReference = A8CDCF5C1FB4251100A40220 /* Volta.app */;
			productType = "com.apple.product-type.application";
		};
		A8CDCF6F1FB4251200A40220 /* VoltaTests */ = {
			isa = PBXNativeTarget;
			buildConfigurationList = A8CDCF871FB4251200A40220 /* Build configuration list for PBXNativeTarget "VoltaTests" */;
			buildPhases = (
				A8CDCF6C1FB4251200A40220 /* Sources */,
				A8CDCF6D1FB4251200A40220 /* Frameworks */,
				A8CDCF6E1FB4251200A40220 /* Resources */,
			);
			buildRules = (
			);
			dependencies = (
				A8CDCF721FB4251200A40220 /* PBXTargetDependency */,
			);
			name = VoltaTests;
			productName = VoltaTests;
			productReference = A8CDCF701FB4251200A40220 /* VoltaTests.xctest */;
			productType = "com.apple.product-type.bundle.unit-test";
		};
		A8CDCF7A1FB4251200A40220 /* VoltaUITests */ = {
			isa = PBXNativeTarget;
			buildConfigurationList = A8CDCF8A1FB4251200A40220 /* Build configuration list for PBXNativeTarget "VoltaUITests" */;
			buildPhases = (
				A8CDCF771FB4251200A40220 /* Sources */,
				A8CDCF781FB4251200A40220 /* Frameworks */,
				A8CDCF791FB4251200A40220 /* Resources */,
			);
			buildRules = (
			);
			dependencies = (
				A8CDCF7D1FB4251200A40220 /* PBXTargetDependency */,
			);
			name = VoltaUITests;
			productName = VoltaUITests;
			productReference = A8CDCF7B1FB4251200A40220 /* VoltaUITests.xctest */;
			productType = "com.apple.product-type.bundle.ui-testing";
		};
/* End PBXNativeTarget section */

/* Begin PBXProject section */
		A8CDCF541FB4251100A40220 /* Project object */ = {
			isa = PBXProject;
			attributes = {
				LastSwiftUpdateCheck = 0910;
				LastUpgradeCheck = 0910;
				ORGANIZATIONNAME = "Alexandra Alday";
				TargetAttributes = {
					A8CDCF5B1FB4251100A40220 = {
						CreatedOnToolsVersion = 9.1;
						ProvisioningStyle = Automatic;
					};
					A8CDCF6F1FB4251200A40220 = {
						CreatedOnToolsVersion = 9.1;
						ProvisioningStyle = Automatic;
						TestTargetID = A8CDCF5B1FB4251100A40220;
					};
					A8CDCF7A1FB4251200A40220 = {
						CreatedOnToolsVersion = 9.1;
						ProvisioningStyle = Automatic;
						TestTargetID = A8CDCF5B1FB4251100A40220;
					};
				};
			};
			buildConfigurationList = A8CDCF571FB4251100A40220 /* Build configuration list for PBXProject "Volta" */;
			compatibilityVersion = "Xcode 8.0";
			developmentRegion = en;
			hasScannedForEncodings = 0;
			knownRegions = (
				en,
				Base,
			);
			mainGroup = A8CDCF531FB4251100A40220;
			productRefGroup = A8CDCF5D1FB4251100A40220 /* Products */;
			projectDirPath = "";
			projectRoot = "";
			targets = (
				A8CDCF5B1FB4251100A40220 /* Volta */,
				A8CDCF6F1FB4251200A40220 /* VoltaTests */,
				A8CDCF7A1FB4251200A40220 /* VoltaUITests */,
			);
		};
/* End PBXProject section */

/* Begin PBXResourcesBuildPhase section */
		A8CDCF5A1FB4251100A40220 /* Resources */ = {
			isa = PBXResourcesBuildPhase;
			buildActionMask = 2147483647;
			files = (
				A8CDCF6A1FB4251100A40220 /* LaunchScreen.storyboard in Resources */,
				A8CDCF671FB4251100A40220 /* Assets.xcassets in Resources */,
				A8CDCF651FB4251100A40220 /* Main.storyboard in Resources */,
			);
			runOnlyForDeploymentPostprocessing = 0;
		};
		A8CDCF6E1FB4251200A40220 /* Resources */ = {
			isa = PBXResourcesBuildPhase;
			buildActionMask = 2147483647;
			files = (
			);
			runOnlyForDeploymentPostprocessing = 0;
		};
		A8CDCF791FB4251200A40220 /* Resources */ = {
			isa = PBXResourcesBuildPhase;
			buildActionMask = 2147483647;
			files = (
			);
			runOnlyForDeploymentPostprocessing = 0;
		};
/* End PBXResourcesBuildPhase section */

/* Begin PBXSourcesBuildPhase section */
		A8CDCF581FB4251100A40220 /* Sources */ = {
			isa = PBXSourcesBuildPhase;
			buildActionMask = 2147483647;
			files = (
				A8CDCF8F1FB540AE00A40220 /* SignUpViewController.swift in Sources */,
				A8CDCF601FB4251100A40220 /* AppDelegate.swift in Sources */,
				A8CDCF901FB5420E00A40220 /* VoltaTests.swift in Sources */,
			);
			runOnlyForDeploymentPostprocessing = 0;
		};
		A8CDCF6C1FB4251200A40220 /* Sources */ = {
			isa = PBXSourcesBuildPhase;
			buildActionMask = 2147483647;
			files = (
			);
			runOnlyForDeploymentPostprocessing = 0;
		};
		A8CDCF771FB4251200A40220 /* Sources */ = {
			isa = PBXSourcesBuildPhase;
			buildActionMask = 2147483647;
			files = (
				A8CDCF801FB4251200A40220 /* VoltaUITests.swift in Sources */,
			);
			runOnlyForDeploymentPostprocessing = 0;
		};
/* End PBXSourcesBuildPhase section */

/* Begin PBXTargetDependency section */
		A8CDCF721FB4251200A40220 /* PBXTargetDependency */ = {
			isa = PBXTargetDependency;
			target = A8CDCF5B1FB4251100A40220 /* Volta */;
			targetProxy = A8CDCF711FB4251200A40220 /* PBXContainerItemProxy */;
		};
		A8CDCF7D1FB4251200A40220 /* PBXTargetDependency */ = {
			isa = PBXTargetDependency;
			target = A8CDCF5B1FB4251100A40220 /* Volta */;
			targetProxy = A8CDCF7C1FB4251200A40220 /* PBXContainerItemProxy */;
		};
/* End PBXTargetDependency section */

/* Begin PBXVariantGroup section */
		A8CDCF631FB4251100A40220 /* Main.storyboard */ = {
			isa = PBXVariantGroup;
			children = (
				A8CDCF641FB4251100A40220 /* Base */,
			);
			name = Main.storyboard;
			sourceTree = "<group>";
		};
		A8CDCF681FB4251100A40220 /* LaunchScreen.storyboard */ = {
			isa = PBXVariantGroup;
			children = (
				A8CDCF691FB4251100A40220 /* Base */,
			);
			name = LaunchScreen.storyboard;
			sourceTree = "<group>";
		};
/* End PBXVariantGroup section */

/* Begin XCBuildConfiguration section */
		A8CDCF821FB4251200A40220 /* Debug */ = {
			isa = XCBuildConfiguration;
			buildSettings = {
				ALWAYS_SEARCH_USER_PATHS = NO;
				CLANG_ANALYZER_NONNULL = YES;
				CLANG_ANALYZER_NUMBER_OBJECT_CONVERSION = YES_AGGRESSIVE;
				CLANG_CXX_LANGUAGE_STANDARD = "gnu++14";
				CLANG_CXX_LIBRARY = "libc++";
				CLANG_ENABLE_MODULES = YES;
				CLANG_ENABLE_OBJC_ARC = YES;
				CLANG_WARN_BLOCK_CAPTURE_AUTORELEASING = YES;
				CLANG_WARN_BOOL_CONVERSION = YES;
				CLANG_WARN_COMMA = YES;
				CLANG_WARN_CONSTANT_CONVERSION = YES;
				CLANG_WARN_DIRECT_OBJC_ISA_USAGE = YES_ERROR;
				CLANG_WARN_DOCUMENTATION_COMMENTS = YES;
				CLANG_WARN_EMPTY_BODY = YES;
				CLANG_WARN_ENUM_CONVERSION = YES;
				CLANG_WARN_INFINITE_RECURSION = YES;
				CLANG_WARN_INT_CONVERSION = YES;
				CLANG_WARN_NON_LITERAL_NULL_CONVERSION = YES;
				CLANG_WARN_OBJC_LITERAL_CONVERSION = YES;
				CLANG_WARN_OBJC_ROOT_CLASS = YES_ERROR;
				CLANG_WARN_RANGE_LOOP_ANALYSIS = YES;
				CLANG_WARN_STRICT_PROTOTYPES = YES;
				CLANG_WARN_SUSPICIOUS_MOVE = YES;
				CLANG_WARN_UNGUARDED_AVAILABILITY = YES_AGGRESSIVE;
				CLANG_WARN_UNREACHABLE_CODE = YES;
				CLANG_WARN__DUPLICATE_METHOD_MATCH = YES;
				CODE_SIGN_IDENTITY = "iPhone Developer";
				COPY_PHASE_STRIP = NO;
				DEBUG_INFORMATION_FORMAT = dwarf;
				ENABLE_STRICT_OBJC_MSGSEND = YES;
				ENABLE_TESTABILITY = YES;
				GCC_C_LANGUAGE_STANDARD = gnu11;
				GCC_DYNAMIC_NO_PIC = NO;
				GCC_NO_COMMON_BLOCKS = YES;
				GCC_OPTIMIZATION_LEVEL = 0;
				GCC_PREPROCESSOR_DEFINITIONS = (
					"DEBUG=1",
					"$(inherited)",
				);
				GCC_WARN_64_TO_32_BIT_CONVERSION = YES;
				GCC_WARN_ABOUT_RETURN_TYPE = YES_ERROR;
				GCC_WARN_UNDECLARED_SELECTOR = YES;
				GCC_WARN_UNINITIALIZED_AUTOS = YES_AGGRESSIVE;
				GCC_WARN_UNUSED_FUNCTION = YES;
				GCC_WARN_UNUSED_VARIABLE = YES;
				IPHONEOS_DEPLOYMENT_TARGET = 11.1;
				MTL_ENABLE_DEBUG_INFO = YES;
				ONLY_ACTIVE_ARCH = YES;
				SDKROOT = iphoneos;
				SWIFT_ACTIVE_COMPILATION_CONDITIONS = DEBUG;
				SWIFT_OPTIMIZATION_LEVEL = "-Onone";
			};
			name = Debug;
		};
		A8CDCF831FB4251200A40220 /* Release */ = {
			isa = XCBuildConfiguration;
			buildSettings = {
				ALWAYS_SEARCH_USER_PATHS = NO;
				CLANG_ANALYZER_NONNULL = YES;
				CLANG_ANALYZER_NUMBER_OBJECT_CONVERSION = YES_AGGRESSIVE;
				CLANG_CXX_LANGUAGE_STANDARD = "gnu++14";
				CLANG_CXX_LIBRARY = "libc++";
				CLANG_ENABLE_MODULES = YES;
				CLANG_ENABLE_OBJC_ARC = YES;
				CLANG_WARN_BLOCK_CAPTURE_AUTORELEASING = YES;
				CLANG_WARN_BOOL_CONVERSION = YES;
				CLANG_WARN_COMMA = YES;
				CLANG_WARN_CONSTANT_CONVERSION = YES;
				CLANG_WARN_DIRECT_OBJC_ISA_USAGE = YES_ERROR;
				CLANG_WARN_DOCUMENTATION_COMMENTS = YES;
				CLANG_WARN_EMPTY_BODY = YES;
				CLANG_WARN_ENUM_CONVERSION = YES;
				CLANG_WARN_INFINITE_RECURSION = YES;
				CLANG_WARN_INT_CONVERSION = YES;
				CLANG_WARN_NON_LITERAL_NULL_CONVERSION = YES;
				CLANG_WARN_OBJC_LITERAL_CONVERSION = YES;
				CLANG_WARN_OBJC_ROOT_CLASS = YES_ERROR;
				CLANG_WARN_RANGE_LOOP_ANALYSIS = YES;
				CLANG_WARN_STRICT_PROTOTYPES = YES;
				CLANG_WARN_SUSPICIOUS_MOVE = YES;
				CLANG_WARN_UNGUARDED_AVAILABILITY = YES_AGGRESSIVE;
				CLANG_WARN_UNREACHABLE_CODE = YES;
				CLANG_WARN__DUPLICATE_METHOD_MATCH = YES;
				CODE_SIGN_IDENTITY = "iPhone Developer";
				COPY_PHASE_STRIP = NO;
				DEBUG_INFORMATION_FORMAT = "dwarf-with-dsym";
				ENABLE_NS_ASSERTIONS = NO;
				ENABLE_STRICT_OBJC_MSGSEND = YES;
				GCC_C_LANGUAGE_STANDARD = gnu11;
				GCC_NO_COMMON_BLOCKS = YES;
				GCC_WARN_64_TO_32_BIT_CONVERSION = YES;
				GCC_WARN_ABOUT_RETURN_TYPE = YES_ERROR;
				GCC_WARN_UNDECLARED_SELECTOR = YES;
				GCC_WARN_UNINITIALIZED_AUTOS = YES_AGGRESSIVE;
				GCC_WARN_UNUSED_FUNCTION = YES;
				GCC_WARN_UNUSED_VARIABLE = YES;
				IPHONEOS_DEPLOYMENT_TARGET = 11.1;
				MTL_ENABLE_DEBUG_INFO = NO;
				SDKROOT = iphoneos;
				SWIFT_OPTIMIZATION_LEVEL = "-Owholemodule";
				VALIDATE_PRODUCT = YES;
			};
			name = Release;
		};
		A8CDCF851FB4251200A40220 /* Debug */ = {
			isa = XCBuildConfiguration;
			buildSettings = {
				ASSETCATALOG_COMPILER_APPICON_NAME = AppIcon;
				CODE_SIGN_STYLE = Automatic;
				INFOPLIST_FILE = Volta/Info.plist;
				LD_RUNPATH_SEARCH_PATHS = "$(inherited) @executable_path/Frameworks";
				PRODUCT_BUNDLE_IDENTIFIER = "Alexandra-Alday.Volta";
				PRODUCT_NAME = "$(TARGET_NAME)";
				SWIFT_VERSION = 4.0;
				TARGETED_DEVICE_FAMILY = "1,2";
			};
			name = Debug;
		};
		A8CDCF861FB4251200A40220 /* Release */ = {
			isa = XCBuildConfiguration;
			buildSettings = {
				ASSETCATALOG_COMPILER_APPICON_NAME = AppIcon;
				CODE_SIGN_STYLE = Automatic;
				INFOPLIST_FILE = Volta/Info.plist;
				LD_RUNPATH_SEARCH_PATHS = "$(inherited) @executable_path/Frameworks";
				PRODUCT_BUNDLE_IDENTIFIER = "Alexandra-Alday.Volta";
				PRODUCT_NAME = "$(TARGET_NAME)";
				SWIFT_VERSION = 4.0;
				TARGETED_DEVICE_FAMILY = "1,2";
			};
			name = Release;
		};
		A8CDCF881FB4251200A40220 /* Debug */ = {
			isa = XCBuildConfiguration;
			buildSettings = {
				ALWAYS_EMBED_SWIFT_STANDARD_LIBRARIES = YES;
				BUNDLE_LOADER = "$(TEST_HOST)";
				CODE_SIGN_STYLE = Automatic;
				INFOPLIST_FILE = VoltaTests/Info.plist;
				LD_RUNPATH_SEARCH_PATHS = "$(inherited) @executable_path/Frameworks @loader_path/Frameworks";
				PRODUCT_BUNDLE_IDENTIFIER = "Alexandra-Alday.VoltaTests";
				PRODUCT_NAME = "$(TARGET_NAME)";
				SWIFT_VERSION = 4.0;
				TARGETED_DEVICE_FAMILY = "1,2";
				TEST_HOST = "$(BUILT_PRODUCTS_DIR)/Volta.app/Volta";
			};
			name = Debug;
		};
		A8CDCF891FB4251200A40220 /* Release */ = {
			isa = XCBuildConfiguration;
			buildSettings = {
				ALWAYS_EMBED_SWIFT_STANDARD_LIBRARIES = YES;
				BUNDLE_LOADER = "$(TEST_HOST)";
				CODE_SIGN_STYLE = Automatic;
				INFOPLIST_FILE = VoltaTests/Info.plist;
				LD_RUNPATH_SEARCH_PATHS = "$(inherited) @executable_path/Frameworks @loader_path/Frameworks";
				PRODUCT_BUNDLE_IDENTIFIER = "Alexandra-Alday.VoltaTests";
				PRODUCT_NAME = "$(TARGET_NAME)";
				SWIFT_VERSION = 4.0;
				TARGETED_DEVICE_FAMILY = "1,2";
				TEST_HOST = "$(BUILT_PRODUCTS_DIR)/Volta.app/Volta";
			};
			name = Release;
		};
		A8CDCF8B1FB4251200A40220 /* Debug */ = {
			isa = XCBuildConfiguration;
			buildSettings = {
				ALWAYS_EMBED_SWIFT_STANDARD_LIBRARIES = YES;
				CODE_SIGN_STYLE = Automatic;
				INFOPLIST_FILE = VoltaUITests/Info.plist;
				LD_RUNPATH_SEARCH_PATHS = "$(inherited) @executable_path/Frameworks @loader_path/Frameworks";
				PRODUCT_BUNDLE_IDENTIFIER = "Alexandra-Alday.VoltaUITests";
				PRODUCT_NAME = "$(TARGET_NAME)";
				SWIFT_VERSION = 4.0;
				TARGETED_DEVICE_FAMILY = "1,2";
				TEST_TARGET_NAME = Volta;
			};
			name = Debug;
		};
		A8CDCF8C1FB4251200A40220 /* Release */ = {
			isa = XCBuildConfiguration;
			buildSettings = {
				ALWAYS_EMBED_SWIFT_STANDARD_LIBRARIES = YES;
				CODE_SIGN_STYLE = Automatic;
				INFOPLIST_FILE = VoltaUITests/Info.plist;
				LD_RUNPATH_SEARCH_PATHS = "$(inherited) @executable_path/Frameworks @loader_path/Frameworks";
				PRODUCT_BUNDLE_IDENTIFIER = "Alexandra-Alday.VoltaUITests";
				PRODUCT_NAME = "$(TARGET_NAME)";
				SWIFT_VERSION = 4.0;
				TARGETED_DEVICE_FAMILY = "1,2";
				TEST_TARGET_NAME = Volta;
			};
			name = Release;
		};
/* End XCBuildConfiguration section */

/* Begin XCConfigurationList section */
		A8CDCF571FB4251100A40220 /* Build configuration list for PBXProject "Volta" */ = {
			isa = XCConfigurationList;
			buildConfigurations = (
				A8CDCF821FB4251200A40220 /* Debug */,
				A8CDCF831FB4251200A40220 /* Release */,
			);
			defaultConfigurationIsVisible = 0;
			defaultConfigurationName = Release;
		};
		A8CDCF841FB4251200A40220 /* Build configuration list for PBXNativeTarget "Volta" */ = {
			isa = XCConfigurationList;
			buildConfigurations = (
				A8CDCF851FB4251200A40220 /* Debug */,
				A8CDCF861FB4251200A40220 /* Release */,
			);
			defaultConfigurationIsVisible = 0;
			defaultConfigurationName = Release;
		};
		A8CDCF871FB4251200A40220 /* Build configuration list for PBXNativeTarget "VoltaTests" */ = {
			isa = XCConfigurationList;
			buildConfigurations = (
				A8CDCF881FB4251200A40220 /* Debug */,
				A8CDCF891FB4251200A40220 /* Release */,
			);
			defaultConfigurationIsVisible = 0;
			defaultConfigurationName = Release;
		};
		A8CDCF8A1FB4251200A40220 /* Build configuration list for PBXNativeTarget "VoltaUITests" */ = {
			isa = XCConfigurationList;
			buildConfigurations = (
				A8CDCF8B1FB4251200A40220 /* Debug */,
				A8CDCF8C1FB4251200A40220 /* Release */,
			);
			defaultConfigurationIsVisible = 0;
			defaultConfigurationName = Release;
		};
/* End XCConfigurationList section */
	};
	rootObject = A8CDCF541FB4251100A40220 /* Project object */;
}
